// !$*UTF8*$!
{
	archiveVersion = 1;
	classes = {
	};
	objectVersion = 46;
	objects = {

/* Begin PBXBuildFile section */
		C240668AB07EAC19CEB28575 /* Pods_Instagram_Parse.framework in Frameworks */ = {isa = PBXBuildFile; fileRef = E7FCBF09E1EAADFC167F1097 /* Pods_Instagram_Parse.framework */; };
		C957D6BE1C8A8E580062943F /* LoginViewController.swift in Sources */ = {isa = PBXBuildFile; fileRef = C957D6BD1C8A8E580062943F /* LoginViewController.swift */; };
		C957D6C11C8AA1CD0062943F /* HomeViewController.swift in Sources */ = {isa = PBXBuildFile; fileRef = C957D6C01C8AA1CD0062943F /* HomeViewController.swift */; };
		C957D6C41C8AA2A10062943F /* CAGradientLayer.swift in Sources */ = {isa = PBXBuildFile; fileRef = C957D6C31C8AA2A10062943F /* CAGradientLayer.swift */; };
		C957D6C61C8AB0350062943F /* CameraViewController.swift in Sources */ = {isa = PBXBuildFile; fileRef = C957D6C51C8AB0350062943F /* CameraViewController.swift */; };
		C957D6C81C8AB8140062943F /* UserProfileViewController.swift in Sources */ = {isa = PBXBuildFile; fileRef = C957D6C71C8AB8140062943F /* UserProfileViewController.swift */; };
		C957D6CA1C8ABA740062943F /* SignupViewController.swift in Sources */ = {isa = PBXBuildFile; fileRef = C957D6C91C8ABA740062943F /* SignupViewController.swift */; };
		C957D6CD1C8CCC610062943F /* HomeTableViewCell.swift in Sources */ = {isa = PBXBuildFile; fileRef = C957D6CC1C8CCC610062943F /* HomeTableViewCell.swift */; };
		C9D6E6731C8A83B80043F937 /* AppDelegate.swift in Sources */ = {isa = PBXBuildFile; fileRef = C9D6E6721C8A83B80043F937 /* AppDelegate.swift */; };
		C9D6E6781C8A83B80043F937 /* Main.storyboard in Resources */ = {isa = PBXBuildFile; fileRef = C9D6E6761C8A83B80043F937 /* Main.storyboard */; };
		C9D6E67A1C8A83B80043F937 /* Assets.xcassets in Resources */ = {isa = PBXBuildFile; fileRef = C9D6E6791C8A83B80043F937 /* Assets.xcassets */; };
		C9D6E67D1C8A83B80043F937 /* LaunchScreen.storyboard in Resources */ = {isa = PBXBuildFile; fileRef = C9D6E67B1C8A83B80043F937 /* LaunchScreen.storyboard */; };
/* End PBXBuildFile section */

/* Begin PBXFileReference section */
		B3EB354F10DDBC53258A283B /* Pods-Instagram-Parse.debug.xcconfig */ = {isa = PBXFileReference; includeInIndex = 1; lastKnownFileType = text.xcconfig; name = "Pods-Instagram-Parse.debug.xcconfig"; path = "Pods/Target Support Files/Pods-Instagram-Parse/Pods-Instagram-Parse.debug.xcconfig"; sourceTree = "<group>"; };
		C957D6BD1C8A8E580062943F /* LoginViewController.swift */ = {isa = PBXFileReference; fileEncoding = 4; lastKnownFileType = sourcecode.swift; path = LoginViewController.swift; sourceTree = "<group>"; };
		C957D6C01C8AA1CD0062943F /* HomeViewController.swift */ = {isa = PBXFileReference; fileEncoding = 4; lastKnownFileType = sourcecode.swift; path = HomeViewController.swift; sourceTree = "<group>"; };
		C957D6C31C8AA2A10062943F /* CAGradientLayer.swift */ = {isa = PBXFileReference; fileEncoding = 4; lastKnownFileType = sourcecode.swift; path = CAGradientLayer.swift; sourceTree = "<group>"; };
		C957D6C51C8AB0350062943F /* CameraViewController.swift */ = {isa = PBXFileReference; fileEncoding = 4; lastKnownFileType = sourcecode.swift; path = CameraViewController.swift; sourceTree = "<group>"; };
		C957D6C71C8AB8140062943F /* UserProfileViewController.swift */ = {isa = PBXFileReference; fileEncoding = 4; lastKnownFileType = sourcecode.swift; path = UserProfileViewController.swift; sourceTree = "<group>"; };
		C957D6C91C8ABA740062943F /* SignupViewController.swift */ = {isa = PBXFileReference; fileEncoding = 4; lastKnownFileType = sourcecode.swift; path = SignupViewController.swift; sourceTree = "<group>"; };
		C957D6CC1C8CCC610062943F /* HomeTableViewCell.swift */ = {isa = PBXFileReference; fileEncoding = 4; lastKnownFileType = sourcecode.swift; path = HomeTableViewCell.swift; sourceTree = "<group>"; };
		C9D6E66F1C8A83B80043F937 /* Instagram-Parse.app */ = {isa = PBXFileReference; explicitFileType = wrapper.application; includeInIndex = 0; path = "Instagram-Parse.app"; sourceTree = BUILT_PRODUCTS_DIR; };
		C9D6E6721C8A83B80043F937 /* AppDelegate.swift */ = {isa = PBXFileReference; lastKnownFileType = sourcecode.swift; path = AppDelegate.swift; sourceTree = "<group>"; };
		C9D6E6771C8A83B80043F937 /* Base */ = {isa = PBXFileReference; lastKnownFileType = file.storyboard; name = Base; path = Base.lproj/Main.storyboard; sourceTree = "<group>"; };
		C9D6E6791C8A83B80043F937 /* Assets.xcassets */ = {isa = PBXFileReference; lastKnownFileType = folder.assetcatalog; path = Assets.xcassets; sourceTree = "<group>"; };
		C9D6E67C1C8A83B80043F937 /* Base */ = {isa = PBXFileReference; lastKnownFileType = file.storyboard; name = Base; path = Base.lproj/LaunchScreen.storyboard; sourceTree = "<group>"; };
		C9D6E67E1C8A83B80043F937 /* Info.plist */ = {isa = PBXFileReference; lastKnownFileType = text.plist.xml; path = Info.plist; sourceTree = "<group>"; };
		DFC2B188C3259F4FD0931DBD /* Pods-Instagram-Parse.release.xcconfig */ = {isa = PBXFileReference; includeInIndex = 1; lastKnownFileType = text.xcconfig; name = "Pods-Instagram-Parse.release.xcconfig"; path = "Pods/Target Support Files/Pods-Instagram-Parse/Pods-Instagram-Parse.release.xcconfig"; sourceTree = "<group>"; };
		E7FCBF09E1EAADFC167F1097 /* Pods_Instagram_Parse.framework */ = {isa = PBXFileReference; explicitFileType = wrapper.framework; includeInIndex = 0; path = Pods_Instagram_Parse.framework; sourceTree = BUILT_PRODUCTS_DIR; };
/* End PBXFileReference section */

/* Begin PBXFrameworksBuildPhase section */
		C9D6E66C1C8A83B80043F937 /* Frameworks */ = {
			isa = PBXFrameworksBuildPhase;
			buildActionMask = 2147483647;
			files = (
				C240668AB07EAC19CEB28575 /* Pods_Instagram_Parse.framework in Frameworks */,
			);
			runOnlyForDeploymentPostprocessing = 0;
		};
/* End PBXFrameworksBuildPhase section */

/* Begin PBXGroup section */
		3C6F986860A42A6DE7C6CD99 /* Pods */ = {
			isa = PBXGroup;
			children = (
				B3EB354F10DDBC53258A283B /* Pods-Instagram-Parse.debug.xcconfig */,
				DFC2B188C3259F4FD0931DBD /* Pods-Instagram-Parse.release.xcconfig */,
			);
			name = Pods;
			sourceTree = "<group>";
		};
		C4A361E0C6FC1292D888EA31 /* Frameworks */ = {
			isa = PBXGroup;
			children = (
				E7FCBF09E1EAADFC167F1097 /* Pods_Instagram_Parse.framework */,
			);
			name = Frameworks;
			sourceTree = "<group>";
		};
		C957D6BF1C8AA1AE0062943F /* View Controllers */ = {
			isa = PBXGroup;
			children = (
				C957D6BD1C8A8E580062943F /* LoginViewController.swift */,
				C957D6C91C8ABA740062943F /* SignupViewController.swift */,
				C957D6C01C8AA1CD0062943F /* HomeViewController.swift */,
				C957D6C51C8AB0350062943F /* CameraViewController.swift */,
				C957D6C71C8AB8140062943F /* UserProfileViewController.swift */,
			);
			name = "View Controllers";
			sourceTree = "<group>";
		};
		C957D6C21C8AA2840062943F /* Views */ = {
			isa = PBXGroup;
			children = (
				C957D6C31C8AA2A10062943F /* CAGradientLayer.swift */,
			);
			name = Views;
			sourceTree = "<group>";
		};
		C957D6CB1C8CCC480062943F /* Cells */ = {
			isa = PBXGroup;
			children = (
				C957D6CC1C8CCC610062943F /* HomeTableViewCell.swift */,
			);
			name = Cells;
			sourceTree = "<group>";
		};
		C9D6E6661C8A83B80043F937 = {
			isa = PBXGroup;
			children = (
				C9D6E6711C8A83B80043F937 /* Instagram-Parse */,
				C9D6E6701C8A83B80043F937 /* Products */,
				3C6F986860A42A6DE7C6CD99 /* Pods */,
				C4A361E0C6FC1292D888EA31 /* Frameworks */,
			);
			sourceTree = "<group>";
		};
		C9D6E6701C8A83B80043F937 /* Products */ = {
			isa = PBXGroup;
			children = (
				C9D6E66F1C8A83B80043F937 /* Instagram-Parse.app */,
			);
			name = Products;
			sourceTree = "<group>";
		};
		C9D6E6711C8A83B80043F937 /* Instagram-Parse */ = {
			isa = PBXGroup;
			children = (
				C957D6CB1C8CCC480062943F /* Cells */,
				C9D6E6721C8A83B80043F937 /* AppDelegate.swift */,
				C957D6C21C8AA2840062943F /* Views */,
				C957D6BF1C8AA1AE0062943F /* View Controllers */,
				C9D6E6761C8A83B80043F937 /* Main.storyboard */,
				C9D6E6791C8A83B80043F937 /* Assets.xcassets */,
				C9D6E67B1C8A83B80043F937 /* LaunchScreen.storyboard */,
				C9D6E67E1C8A83B80043F937 /* Info.plist */,
			);
			path = "Instagram-Parse";
			sourceTree = "<group>";
		};
/* End PBXGroup section */

/* Begin PBXNativeTarget section */
		C9D6E66E1C8A83B80043F937 /* Instagram-Parse */ = {
			isa = PBXNativeTarget;
			buildConfigurationList = C9D6E6811C8A83B80043F937 /* Build configuration list for PBXNativeTarget "Instagram-Parse" */;
			buildPhases = (
				9BD5F9AD8D0E9D904C140ADF /* Check Pods Manifest.lock */,
				C9D6E66B1C8A83B80043F937 /* Sources */,
				C9D6E66C1C8A83B80043F937 /* Frameworks */,
				C9D6E66D1C8A83B80043F937 /* Resources */,
				451B0B0DC0D9EFAF1DD8D260 /* Embed Pods Frameworks */,
				DB5DB228F9A33E15B12AD17B /* Copy Pods Resources */,
			);
			buildRules = (
			);
			dependencies = (
			);
			name = "Instagram-Parse";
			productName = "Instagram-Parse";
			productReference = C9D6E66F1C8A83B80043F937 /* Instagram-Parse.app */;
			productType = "com.apple.product-type.application";
		};
/* End PBXNativeTarget section */

/* Begin PBXProject section */
		C9D6E6671C8A83B80043F937 /* Project object */ = {
			isa = PBXProject;
			attributes = {
				LastSwiftUpdateCheck = 0720;
				LastUpgradeCheck = 0720;
				ORGANIZATIONNAME = "Tasfia Addrita";
				TargetAttributes = {
					C9D6E66E1C8A83B80043F937 = {
						CreatedOnToolsVersion = 7.2.1;
						DevelopmentTeam = YWWB72YGRZ;
					};
				};
			};
			buildConfigurationList = C9D6E66A1C8A83B80043F937 /* Build configuration list for PBXProject "Instagram-Parse" */;
			compatibilityVersion = "Xcode 3.2";
			developmentRegion = English;
			hasScannedForEncodings = 0;
			knownRegions = (
				en,
				Base,
			);
			mainGroup = C9D6E6661C8A83B80043F937;
			productRefGroup = C9D6E6701C8A83B80043F937 /* Products */;
			projectDirPath = "";
			projectRoot = "";
			targets = (
				C9D6E66E1C8A83B80043F937 /* Instagram-Parse */,
			);
		};
/* End PBXProject section */

/* Begin PBXResourcesBuildPhase section */
		C9D6E66D1C8A83B80043F937 /* Resources */ = {
			isa = PBXResourcesBuildPhase;
			buildActionMask = 2147483647;
			files = (
				C9D6E67D1C8A83B80043F937 /* LaunchScreen.storyboard in Resources */,
				C9D6E67A1C8A83B80043F937 /* Assets.xcassets in Resources */,
				C9D6E6781C8A83B80043F937 /* Main.storyboard in Resources */,
			);
			runOnlyForDeploymentPostprocessing = 0;
		};
/* End PBXResourcesBuildPhase section */

/* Begin PBXShellScriptBuildPhase section */
		451B0B0DC0D9EFAF1DD8D260 /* Embed Pods Frameworks */ = {
			isa = PBXShellScriptBuildPhase;
			buildActionMask = 2147483647;
			files = (
			);
			inputPaths = (
			);
			name = "Embed Pods Frameworks";
			outputPaths = (
			);
			runOnlyForDeploymentPostprocessing = 0;
			shellPath = /bin/sh;
			shellScript = "\"${SRCROOT}/Pods/Target Support Files/Pods-Instagram-Parse/Pods-Instagram-Parse-frameworks.sh\"\n";
			showEnvVarsInLog = 0;
		};
		9BD5F9AD8D0E9D904C140ADF /* Check Pods Manifest.lock */ = {
			isa = PBXShellScriptBuildPhase;
			buildActionMask = 2147483647;
			files = (
			);
			inputPaths = (
			);
			name = "Check Pods Manifest.lock";
			outputPaths = (
			);
			runOnlyForDeploymentPostprocessing = 0;
			shellPath = /bin/sh;
			shellScript = "diff \"${PODS_ROOT}/../Podfile.lock\" \"${PODS_ROOT}/Manifest.lock\" > /dev/null\nif [[ $? != 0 ]] ; then\n    cat << EOM\nerror: The sandbox is not in sync with the Podfile.lock. Run 'pod install' or update your CocoaPods installation.\nEOM\n    exit 1\nfi\n";
			showEnvVarsInLog = 0;
		};
		DB5DB228F9A33E15B12AD17B /* Copy Pods Resources */ = {
			isa = PBXShellScriptBuildPhase;
			buildActionMask = 2147483647;
			files = (
			);
			inputPaths = (
			);
			name = "Copy Pods Resources";
			outputPaths = (
			);
			runOnlyForDeploymentPostprocessing = 0;
			shellPath = /bin/sh;
			shellScript = "\"${SRCROOT}/Pods/Target Support Files/Pods-Instagram-Parse/Pods-Instagram-Parse-resources.sh\"\n";
			showEnvVarsInLog = 0;
		};
/* End PBXShellScriptBuildPhase section */

/* Begin PBXSourcesBuildPhase section */
		C9D6E66B1C8A83B80043F937 /* Sources */ = {
			isa = PBXSourcesBuildPhase;
			buildActionMask = 2147483647;
			files = (
				C957D6BE1C8A8E580062943F /* LoginViewController.swift in Sources */,
				C957D6CA1C8ABA740062943F /* SignupViewController.swift in Sources */,
				C957D6C81C8AB8140062943F /* UserProfileViewController.swift in Sources */,
				C957D6C61C8AB0350062943F /* CameraViewController.swift in Sources */,
				C9D6E6731C8A83B80043F937 /* AppDelegate.swift in Sources */,
				C957D6C11C8AA1CD0062943F /* HomeViewController.swift in Sources */,
				C957D6CD1C8CCC610062943F /* HomeTableViewCell.swift in Sources */,
				C957D6C41C8AA2A10062943F /* CAGradientLayer.swift in Sources */,
			);
			runOnlyForDeploymentPostprocessing = 0;
		};
/* End PBXSourcesBuildPhase section */

/* Begin PBXVariantGroup section */
		C9D6E6761C8A83B80043F937 /* Main.storyboard */ = {
			isa = PBXVariantGroup;
			children = (
				C9D6E6771C8A83B80043F937 /* Base */,
			);
			name = Main.storyboard;
			sourceTree = "<group>";
		};
		C9D6E67B1C8A83B80043F937 /* LaunchScreen.storyboard */ = {
			isa = PBXVariantGroup;
			children = (
				C9D6E67C1C8A83B80043F937 /* Base */,
			);
			name = LaunchScreen.storyboard;
			sourceTree = "<group>";
		};
/* End PBXVariantGroup section */

/* Begin XCBuildConfiguration section */
		C9D6E67F1C8A83B80043F937 /* Debug */ = {
			isa = XCBuildConfiguration;
			buildSettings = {
				ALWAYS_SEARCH_USER_PATHS = NO;
				CLANG_CXX_LANGUAGE_STANDARD = "gnu++0x";
				CLANG_CXX_LIBRARY = "libc++";
				CLANG_ENABLE_MODULES = YES;
				CLANG_ENABLE_OBJC_ARC = YES;
				CLANG_WARN_BOOL_CONVERSION = YES;
				CLANG_WARN_CONSTANT_CONVERSION = YES;
				CLANG_WARN_DIRECT_OBJC_ISA_USAGE = YES_ERROR;
				CLANG_WARN_EMPTY_BODY = YES;
				CLANG_WARN_ENUM_CONVERSION = YES;
				CLANG_WARN_INT_CONVERSION = YES;
				CLANG_WARN_OBJC_ROOT_CLASS = YES_ERROR;
				CLANG_WARN_UNREACHABLE_CODE = YES;
				CLANG_WARN__DUPLICATE_METHOD_MATCH = YES;
				"CODE_SIGN_IDENTITY[sdk=iphoneos*]" = "iPhone Developer";
				COPY_PHASE_STRIP = NO;
				DEBUG_INFORMATION_FORMAT = dwarf;
				ENABLE_STRICT_OBJC_MSGSEND = YES;
				ENABLE_TESTABILITY = YES;
				GCC_C_LANGUAGE_STANDARD = gnu99;
				GCC_DYNAMIC_NO_PIC = NO;
				GCC_NO_COMMON_BLOCKS = YES;
				GCC_OPTIMIZATION_LEVEL = 0;
				GCC_PREPROCESSOR_DEFINITIONS = (
					"DEBUG=1",
					"$(inherited)",
				);
				GCC_WARN_64_TO_32_BIT_CONVERSION = YES;
				GCC_WARN_ABOUT_RETURN_TYPE = YES_ERROR;
				GCC_WARN_UNDECLARED_SELECTOR = YES;
				GCC_WARN_UNINITIALIZED_AUTOS = YES_AGGRESSIVE;
				GCC_WARN_UNUSED_FUNCTION = YES;
				GCC_WARN_UNUSED_VARIABLE = YES;
				IPHONEOS_DEPLOYMENT_TARGET = 9.2;
				MTL_ENABLE_DEBUG_INFO = YES;
				ONLY_ACTIVE_ARCH = YES;
				SDKROOT = iphoneos;
				SWIFT_OPTIMIZATION_LEVEL = "-Onone";
				TARGETED_DEVICE_FAMILY = "1,2";
			};
			name = Debug;
		};
		C9D6E6801C8A83B80043F937 /* Release */ = {
			isa = XCBuildConfiguration;
			buildSettings = {
				ALWAYS_SEARCH_USER_PATHS = NO;
				CLANG_CXX_LANGUAGE_STANDARD = "gnu++0x";
				CLANG_CXX_LIBRARY = "libc++";
				CLANG_ENABLE_MODULES = YES;
				CLANG_ENABLE_OBJC_ARC = YES;
				CLANG_WARN_BOOL_CONVERSION = YES;
				CLANG_WARN_CONSTANT_CONVERSION = YES;
				CLANG_WARN_DIRECT_OBJC_ISA_USAGE = YES_ERROR;
				CLANG_WARN_EMPTY_BODY = YES;
				CLANG_WARN_ENUM_CONVERSION = YES;
				CLANG_WARN_INT_CONVERSION = YES;
				CLANG_WARN_OBJC_ROOT_CLASS = YES_ERROR;
				CLANG_WARN_UNREACHABLE_CODE = YES;
				CLANG_WARN__DUPLICATE_METHOD_MATCH = YES;
				"CODE_SIGN_IDENTITY[sdk=iphoneos*]" = "iPhone Developer";
				COPY_PHASE_STRIP = NO;
				DEBUG_INFORMATION_FORMAT = "dwarf-with-dsym";
				ENABLE_NS_ASSERTIONS = NO;
				ENABLE_STRICT_OBJC_MSGSEND = YES;
				GCC_C_LANGUAGE_STANDARD = gnu99;
				GCC_NO_COMMON_BLOCKS = YES;
				GCC_WARN_64_TO_32_BIT_CONVERSION = YES;
				GCC_WARN_ABOUT_RETURN_TYPE = YES_ERROR;
				GCC_WARN_UNDECLARED_SELECTOR = YES;
				GCC_WARN_UNINITIALIZED_AUTOS = YES_AGGRESSIVE;
				GCC_WARN_UNUSED_FUNCTION = YES;
				GCC_WARN_UNUSED_VARIABLE = YES;
				IPHONEOS_DEPLOYMENT_TARGET = 9.2;
				MTL_ENABLE_DEBUG_INFO = NO;
				SDKROOT = iphoneos;
				TARGETED_DEVICE_FAMILY = "1,2";
				VALIDATE_PRODUCT = YES;
			};
			name = Release;
		};
		C9D6E6821C8A83B80043F937 /* Debug */ = {
			isa = XCBuildConfiguration;
			baseConfigurationReference = B3EB354F10DDBC53258A283B /* Pods-Instagram-Parse.debug.xcconfig */;
			buildSettings = {
				ASSETCATALOG_COMPILER_APPICON_NAME = AppIcon;
				INFOPLIST_FILE = "Instagram-Parse/Info.plist";
				LD_RUNPATH_SEARCH_PATHS = "$(inherited) @executable_path/Frameworks";
				PRODUCT_BUNDLE_IDENTIFIER = "com.tasfiaaddrita.Instagram-Parse";
				PRODUCT_NAME = "$(TARGET_NAME)";
			};
			name = Debug;
		};
		C9D6E6831C8A83B80043F937 /* Release */ = {
			isa = XCBuildConfiguration;
			baseConfigurationReference = DFC2B188C3259F4FD0931DBD /* Pods-Instagram-Parse.release.xcconfig */;
			buildSettings = {
				ASSETCATALOG_COMPILER_APPICON_NAME = AppIcon;
				INFOPLIST_FILE = "Instagram-Parse/Info.plist";
				LD_RUNPATH_SEARCH_PATHS = "$(inherited) @executable_path/Frameworks";
				PRODUCT_BUNDLE_IDENTIFIER = "com.tasfiaaddrita.Instagram-Parse";
				PRODUCT_NAME = "$(TARGET_NAME)";
			};
			name = Release;
		};
/* End XCBuildConfiguration section */

/* Begin XCConfigurationList section */
		C9D6E66A1C8A83B80043F937 /* Build configuration list for PBXProject "Instagram-Parse" */ = {
			isa = XCConfigurationList;
			buildConfigurations = (
				C9D6E67F1C8A83B80043F937 /* Debug */,
				C9D6E6801C8A83B80043F937 /* Release */,
			);
			defaultConfigurationIsVisible = 0;
			defaultConfigurationName = Release;
		};
		C9D6E6811C8A83B80043F937 /* Build configuration list for PBXNativeTarget "Instagram-Parse" */ = {
			isa = XCConfigurationList;
			buildConfigurations = (
				C9D6E6821C8A83B80043F937 /* Debug */,
				C9D6E6831C8A83B80043F937 /* Release */,
			);
			defaultConfigurationIsVisible = 0;
			defaultConfigurationName = Release;
		};
/* End XCConfigurationList section */
	};
	rootObject = C9D6E6671C8A83B80043F937 /* Project object */;
}
